// !$*UTF8*$!
{
	archiveVersion = 1;
	classes = {
	};
	objectVersion = 51;
	objects = {

/* Begin PBXBuildFile section */
		2B667C5F269CA41F00792451 /* AppDelegate.m in Sources */ = {isa = PBXBuildFile; fileRef = 2B667C5E269CA41F00792451 /* AppDelegate.m */; };
		2B667C62269CA41F00792451 /* SceneDelegate.m in Sources */ = {isa = PBXBuildFile; fileRef = 2B667C61269CA41F00792451 /* SceneDelegate.m */; };
		2B667C68269CA41F00792451 /* Main.storyboard in Resources */ = {isa = PBXBuildFile; fileRef = 2B667C66269CA41F00792451 /* Main.storyboard */; };
		2B667C6A269CA42000792451 /* Assets.xcassets in Resources */ = {isa = PBXBuildFile; fileRef = 2B667C69269CA42000792451 /* Assets.xcassets */; };
		2B667C6D269CA42000792451 /* LaunchScreen.storyboard in Resources */ = {isa = PBXBuildFile; fileRef = 2B667C6B269CA42000792451 /* LaunchScreen.storyboard */; };
		2B667C70269CA42000792451 /* main.m in Sources */ = {isa = PBXBuildFile; fileRef = 2B667C6F269CA42000792451 /* main.m */; };
		2B667C7A269CA42100792451 /* FriendMapTests.m in Sources */ = {isa = PBXBuildFile; fileRef = 2B667C79269CA42100792451 /* FriendMapTests.m */; };
		2B667C85269CA42100792451 /* FriendMapUITests.m in Sources */ = {isa = PBXBuildFile; fileRef = 2B667C84269CA42100792451 /* FriendMapUITests.m */; };
		2B667C97269D59DC00792451 /* LoginViewController.m in Sources */ = {isa = PBXBuildFile; fileRef = 2B667C96269D59DB00792451 /* LoginViewController.m */; };
		2B667C9A269D5A0C00792451 /* SignupViewController.m in Sources */ = {isa = PBXBuildFile; fileRef = 2B667C99269D5A0C00792451 /* SignupViewController.m */; };
		2B667C9D269D5EE900792451 /* CustomButton.m in Sources */ = {isa = PBXBuildFile; fileRef = 2B667C9C269D5EE900792451 /* CustomButton.m */; };
		2B667CA0269D727800792451 /* ProfileViewController.m in Sources */ = {isa = PBXBuildFile; fileRef = 2B667C9F269D727800792451 /* ProfileViewController.m */; };
		2B667CA3269D808C00792451 /* MapViewController.m in Sources */ = {isa = PBXBuildFile; fileRef = 2B667CA2269D808C00792451 /* MapViewController.m */; };
		2B667CA6269D809A00792451 /* GroupViewController.m in Sources */ = {isa = PBXBuildFile; fileRef = 2B667CA5269D809A00792451 /* GroupViewController.m */; };
		2B667CA8269D850D00792451 /* MapKit.framework in Frameworks */ = {isa = PBXBuildFile; fileRef = 2B667CA7269D850D00792451 /* MapKit.framework */; };
		2B667CAB269E087E00792451 /* GroupCell.m in Sources */ = {isa = PBXBuildFile; fileRef = 2B667CAA269E087E00792451 /* GroupCell.m */; };
		2B667CB1269F928900792451 /* MembersListViewController.m in Sources */ = {isa = PBXBuildFile; fileRef = 2B667CB0269F928900792451 /* MembersListViewController.m */; };
		2B667CB4269F93C800792451 /* MemberCell.m in Sources */ = {isa = PBXBuildFile; fileRef = 2B667CB3269F93C800792451 /* MemberCell.m */; };
		2B667CB7269FB50800792451 /* MessageCell.m in Sources */ = {isa = PBXBuildFile; fileRef = 2B667CB6269FB50800792451 /* MessageCell.m */; };
		2B667D2126A029A500792451 /* MessageViewController.m in Sources */ = {isa = PBXBuildFile; fileRef = 2B667D2026A029A500792451 /* MessageViewController.m */; };
		2B667D2426A029EB00792451 /* MessageTableViewCell.m in Sources */ = {isa = PBXBuildFile; fileRef = 2B667D2326A029EB00792451 /* MessageTableViewCell.m */; };
		2B667D2726A02A3F00792451 /* MessageTextView.m in Sources */ = {isa = PBXBuildFile; fileRef = 2B667D2626A02A3F00792451 /* MessageTextView.m */; };
		2B667D3326A0F58300792451 /* Message.m in Sources */ = {isa = PBXBuildFile; fileRef = 2B667D3226A0F58300792451 /* Message.m */; };
		2B667D3726A94ABC00792451 /* LocationManager.m in Sources */ = {isa = PBXBuildFile; fileRef = 2B667D3626A94ABC00792451 /* LocationManager.m */; };
		2B667D4526B20C4800792451 /* MeetingViewController.m in Sources */ = {isa = PBXBuildFile; fileRef = 2B667D4426B20C4800792451 /* MeetingViewController.m */; };
		2B667D4826B2135600792451 /* ClusterCell.m in Sources */ = {isa = PBXBuildFile; fileRef = 2B667D4726B2135600792451 /* ClusterCell.m */; };
		2B667D4A26B31A0200792451 /* Keys.plist in Resources */ = {isa = PBXBuildFile; fileRef = 2B667D4926B31A0200792451 /* Keys.plist */; };
		2B667D4D26B3EB1E00792451 /* LocationViewController.m in Sources */ = {isa = PBXBuildFile; fileRef = 2B667D4C26B3EB1E00792451 /* LocationViewController.m */; };
		2B667D5026B3EC0400792451 /* LocationCell.m in Sources */ = {isa = PBXBuildFile; fileRef = 2B667D4F26B3EC0400792451 /* LocationCell.m */; };
		614E0FA978DC8FE1F26DC95C /* Pods_FriendMap_FriendMapUITests.framework in Frameworks */ = {isa = PBXBuildFile; fileRef = 48708E26B6108FA8860B5089 /* Pods_FriendMap_FriendMapUITests.framework */; };
		77965291AC77C5E31F77A9EC /* Pods_FriendMap.framework in Frameworks */ = {isa = PBXBuildFile; fileRef = C802AF0660674E8FC54375DA /* Pods_FriendMap.framework */; };
		E1CE6A866054112653C09FD3 /* Pods_FriendMapTests.framework in Frameworks */ = {isa = PBXBuildFile; fileRef = FDF498AEEC8A5AEA44958BE3 /* Pods_FriendMapTests.framework */; };
/* End PBXBuildFile section */

/* Begin PBXContainerItemProxy section */
		2B667C76269CA42100792451 /* PBXContainerItemProxy */ = {
			isa = PBXContainerItemProxy;
			containerPortal = 2B667C52269CA41F00792451 /* Project object */;
			proxyType = 1;
			remoteGlobalIDString = 2B667C59269CA41F00792451;
			remoteInfo = FriendMap;
		};
		2B667C81269CA42100792451 /* PBXContainerItemProxy */ = {
			isa = PBXContainerItemProxy;
			containerPortal = 2B667C52269CA41F00792451 /* Project object */;
			proxyType = 1;
			remoteGlobalIDString = 2B667C59269CA41F00792451;
			remoteInfo = FriendMap;
		};
/* End PBXContainerItemProxy section */

/* Begin PBXFileReference section */
		2B667C5A269CA41F00792451 /* FriendMap.app */ = {isa = PBXFileReference; explicitFileType = wrapper.application; includeInIndex = 0; path = FriendMap.app; sourceTree = BUILT_PRODUCTS_DIR; };
		2B667C5D269CA41F00792451 /* AppDelegate.h */ = {isa = PBXFileReference; lastKnownFileType = sourcecode.c.h; path = AppDelegate.h; sourceTree = "<group>"; };
		2B667C5E269CA41F00792451 /* AppDelegate.m */ = {isa = PBXFileReference; lastKnownFileType = sourcecode.c.objc; path = AppDelegate.m; sourceTree = "<group>"; };
		2B667C60269CA41F00792451 /* SceneDelegate.h */ = {isa = PBXFileReference; lastKnownFileType = sourcecode.c.h; path = SceneDelegate.h; sourceTree = "<group>"; };
		2B667C61269CA41F00792451 /* SceneDelegate.m */ = {isa = PBXFileReference; lastKnownFileType = sourcecode.c.objc; path = SceneDelegate.m; sourceTree = "<group>"; };
		2B667C67269CA41F00792451 /* Base */ = {isa = PBXFileReference; lastKnownFileType = file.storyboard; name = Base; path = Base.lproj/Main.storyboard; sourceTree = "<group>"; };
		2B667C69269CA42000792451 /* Assets.xcassets */ = {isa = PBXFileReference; lastKnownFileType = folder.assetcatalog; path = Assets.xcassets; sourceTree = "<group>"; };
		2B667C6C269CA42000792451 /* Base */ = {isa = PBXFileReference; lastKnownFileType = file.storyboard; name = Base; path = Base.lproj/LaunchScreen.storyboard; sourceTree = "<group>"; };
		2B667C6E269CA42000792451 /* Info.plist */ = {isa = PBXFileReference; lastKnownFileType = text.plist.xml; path = Info.plist; sourceTree = "<group>"; };
		2B667C6F269CA42000792451 /* main.m */ = {isa = PBXFileReference; lastKnownFileType = sourcecode.c.objc; path = main.m; sourceTree = "<group>"; };
		2B667C75269CA42100792451 /* FriendMapTests.xctest */ = {isa = PBXFileReference; explicitFileType = wrapper.cfbundle; includeInIndex = 0; path = FriendMapTests.xctest; sourceTree = BUILT_PRODUCTS_DIR; };
		2B667C79269CA42100792451 /* FriendMapTests.m */ = {isa = PBXFileReference; lastKnownFileType = sourcecode.c.objc; path = FriendMapTests.m; sourceTree = "<group>"; };
		2B667C7B269CA42100792451 /* Info.plist */ = {isa = PBXFileReference; lastKnownFileType = text.plist.xml; path = Info.plist; sourceTree = "<group>"; };
		2B667C80269CA42100792451 /* FriendMapUITests.xctest */ = {isa = PBXFileReference; explicitFileType = wrapper.cfbundle; includeInIndex = 0; path = FriendMapUITests.xctest; sourceTree = BUILT_PRODUCTS_DIR; };
		2B667C84269CA42100792451 /* FriendMapUITests.m */ = {isa = PBXFileReference; lastKnownFileType = sourcecode.c.objc; path = FriendMapUITests.m; sourceTree = "<group>"; };
		2B667C86269CA42100792451 /* Info.plist */ = {isa = PBXFileReference; lastKnownFileType = text.plist.xml; path = Info.plist; sourceTree = "<group>"; };
		2B667C95269D59DB00792451 /* LoginViewController.h */ = {isa = PBXFileReference; lastKnownFileType = sourcecode.c.h; path = LoginViewController.h; sourceTree = "<group>"; };
		2B667C96269D59DB00792451 /* LoginViewController.m */ = {isa = PBXFileReference; lastKnownFileType = sourcecode.c.objc; path = LoginViewController.m; sourceTree = "<group>"; };
		2B667C98269D5A0C00792451 /* SignupViewController.h */ = {isa = PBXFileReference; lastKnownFileType = sourcecode.c.h; path = SignupViewController.h; sourceTree = "<group>"; };
		2B667C99269D5A0C00792451 /* SignupViewController.m */ = {isa = PBXFileReference; lastKnownFileType = sourcecode.c.objc; path = SignupViewController.m; sourceTree = "<group>"; };
		2B667C9B269D5EE900792451 /* CustomButton.h */ = {isa = PBXFileReference; lastKnownFileType = sourcecode.c.h; path = CustomButton.h; sourceTree = "<group>"; };
		2B667C9C269D5EE900792451 /* CustomButton.m */ = {isa = PBXFileReference; lastKnownFileType = sourcecode.c.objc; path = CustomButton.m; sourceTree = "<group>"; };
		2B667C9E269D727800792451 /* ProfileViewController.h */ = {isa = PBXFileReference; lastKnownFileType = sourcecode.c.h; path = ProfileViewController.h; sourceTree = "<group>"; };
		2B667C9F269D727800792451 /* ProfileViewController.m */ = {isa = PBXFileReference; lastKnownFileType = sourcecode.c.objc; path = ProfileViewController.m; sourceTree = "<group>"; };
		2B667CA1269D808C00792451 /* MapViewController.h */ = {isa = PBXFileReference; lastKnownFileType = sourcecode.c.h; path = MapViewController.h; sourceTree = "<group>"; };
		2B667CA2269D808C00792451 /* MapViewController.m */ = {isa = PBXFileReference; lastKnownFileType = sourcecode.c.objc; path = MapViewController.m; sourceTree = "<group>"; };
		2B667CA4269D809A00792451 /* GroupViewController.h */ = {isa = PBXFileReference; lastKnownFileType = sourcecode.c.h; path = GroupViewController.h; sourceTree = "<group>"; };
		2B667CA5269D809A00792451 /* GroupViewController.m */ = {isa = PBXFileReference; lastKnownFileType = sourcecode.c.objc; path = GroupViewController.m; sourceTree = "<group>"; };
		2B667CA7269D850D00792451 /* MapKit.framework */ = {isa = PBXFileReference; lastKnownFileType = wrapper.framework; name = MapKit.framework; path = System/Library/Frameworks/MapKit.framework; sourceTree = SDKROOT; };
		2B667CA9269E087E00792451 /* GroupCell.h */ = {isa = PBXFileReference; lastKnownFileType = sourcecode.c.h; path = GroupCell.h; sourceTree = "<group>"; };
		2B667CAA269E087E00792451 /* GroupCell.m */ = {isa = PBXFileReference; lastKnownFileType = sourcecode.c.objc; path = GroupCell.m; sourceTree = "<group>"; };
		2B667CAF269F928900792451 /* MembersListViewController.h */ = {isa = PBXFileReference; lastKnownFileType = sourcecode.c.h; name = MembersListViewController.h; path = "FriendMap/View Controllers/MembersListViewController.h"; sourceTree = SOURCE_ROOT; };
		2B667CB0269F928900792451 /* MembersListViewController.m */ = {isa = PBXFileReference; lastKnownFileType = sourcecode.c.objc; name = MembersListViewController.m; path = "FriendMap/View Controllers/MembersListViewController.m"; sourceTree = SOURCE_ROOT; };
		2B667CB2269F93C800792451 /* MemberCell.h */ = {isa = PBXFileReference; lastKnownFileType = sourcecode.c.h; path = MemberCell.h; sourceTree = "<group>"; };
		2B667CB3269F93C800792451 /* MemberCell.m */ = {isa = PBXFileReference; lastKnownFileType = sourcecode.c.objc; path = MemberCell.m; sourceTree = "<group>"; };
		2B667CB5269FB50800792451 /* MessageCell.h */ = {isa = PBXFileReference; lastKnownFileType = sourcecode.c.h; path = MessageCell.h; sourceTree = "<group>"; };
		2B667CB6269FB50800792451 /* MessageCell.m */ = {isa = PBXFileReference; lastKnownFileType = sourcecode.c.objc; path = MessageCell.m; sourceTree = "<group>"; };
		2B667D1F26A029A500792451 /* MessageViewController.h */ = {isa = PBXFileReference; lastKnownFileType = sourcecode.c.h; path = MessageViewController.h; sourceTree = "<group>"; };
		2B667D2026A029A500792451 /* MessageViewController.m */ = {isa = PBXFileReference; lastKnownFileType = sourcecode.c.objc; path = MessageViewController.m; sourceTree = "<group>"; };
		2B667D2226A029EB00792451 /* MessageTableViewCell.h */ = {isa = PBXFileReference; lastKnownFileType = sourcecode.c.h; path = MessageTableViewCell.h; sourceTree = "<group>"; };
		2B667D2326A029EB00792451 /* MessageTableViewCell.m */ = {isa = PBXFileReference; lastKnownFileType = sourcecode.c.objc; path = MessageTableViewCell.m; sourceTree = "<group>"; };
		2B667D2526A02A3F00792451 /* MessageTextView.h */ = {isa = PBXFileReference; lastKnownFileType = sourcecode.c.h; path = MessageTextView.h; sourceTree = "<group>"; };
		2B667D2626A02A3F00792451 /* MessageTextView.m */ = {isa = PBXFileReference; lastKnownFileType = sourcecode.c.objc; path = MessageTextView.m; sourceTree = "<group>"; };
		2B667D3126A0F58300792451 /* Message.h */ = {isa = PBXFileReference; lastKnownFileType = sourcecode.c.h; path = Message.h; sourceTree = "<group>"; };
		2B667D3226A0F58300792451 /* Message.m */ = {isa = PBXFileReference; lastKnownFileType = sourcecode.c.objc; path = Message.m; sourceTree = "<group>"; };
		2B667D3526A94ABC00792451 /* LocationManager.h */ = {isa = PBXFileReference; lastKnownFileType = sourcecode.c.h; path = LocationManager.h; sourceTree = "<group>"; };
		2B667D3626A94ABC00792451 /* LocationManager.m */ = {isa = PBXFileReference; lastKnownFileType = sourcecode.c.objc; path = LocationManager.m; sourceTree = "<group>"; };
		2B667D4326B20C4800792451 /* MeetingViewController.h */ = {isa = PBXFileReference; lastKnownFileType = sourcecode.c.h; path = MeetingViewController.h; sourceTree = "<group>"; };
		2B667D4426B20C4800792451 /* MeetingViewController.m */ = {isa = PBXFileReference; lastKnownFileType = sourcecode.c.objc; path = MeetingViewController.m; sourceTree = "<group>"; };
		2B667D4626B2135600792451 /* ClusterCell.h */ = {isa = PBXFileReference; lastKnownFileType = sourcecode.c.h; path = ClusterCell.h; sourceTree = "<group>"; };
		2B667D4726B2135600792451 /* ClusterCell.m */ = {isa = PBXFileReference; lastKnownFileType = sourcecode.c.objc; path = ClusterCell.m; sourceTree = "<group>"; };
		2B667D4926B31A0200792451 /* Keys.plist */ = {isa = PBXFileReference; lastKnownFileType = text.plist; name = Keys.plist; path = FriendMap/Keys.plist; sourceTree = SOURCE_ROOT; };
		2B667D4B26B3EB1E00792451 /* LocationViewController.h */ = {isa = PBXFileReference; lastKnownFileType = sourcecode.c.h; path = LocationViewController.h; sourceTree = "<group>"; };
		2B667D4C26B3EB1E00792451 /* LocationViewController.m */ = {isa = PBXFileReference; lastKnownFileType = sourcecode.c.objc; path = LocationViewController.m; sourceTree = "<group>"; };
		2B667D4E26B3EC0400792451 /* LocationCell.h */ = {isa = PBXFileReference; lastKnownFileType = sourcecode.c.h; path = LocationCell.h; sourceTree = "<group>"; };
		2B667D4F26B3EC0400792451 /* LocationCell.m */ = {isa = PBXFileReference; lastKnownFileType = sourcecode.c.objc; path = LocationCell.m; sourceTree = "<group>"; };
		3D07E2E71F2B14FBC2D49EF8 /* Pods-FriendMap.release.xcconfig */ = {isa = PBXFileReference; includeInIndex = 1; lastKnownFileType = text.xcconfig; name = "Pods-FriendMap.release.xcconfig"; path = "Target Support Files/Pods-FriendMap/Pods-FriendMap.release.xcconfig"; sourceTree = "<group>"; };
		48708E26B6108FA8860B5089 /* Pods_FriendMap_FriendMapUITests.framework */ = {isa = PBXFileReference; explicitFileType = wrapper.framework; includeInIndex = 0; path = Pods_FriendMap_FriendMapUITests.framework; sourceTree = BUILT_PRODUCTS_DIR; };
		57F254F0FADDA707C23B69E2 /* Pods-FriendMap-FriendMapUITests.debug.xcconfig */ = {isa = PBXFileReference; includeInIndex = 1; lastKnownFileType = text.xcconfig; name = "Pods-FriendMap-FriendMapUITests.debug.xcconfig"; path = "Target Support Files/Pods-FriendMap-FriendMapUITests/Pods-FriendMap-FriendMapUITests.debug.xcconfig"; sourceTree = "<group>"; };
		582AF000A9BF45A2435006AF /* Pods-FriendMap.debug.xcconfig */ = {isa = PBXFileReference; includeInIndex = 1; lastKnownFileType = text.xcconfig; name = "Pods-FriendMap.debug.xcconfig"; path = "Target Support Files/Pods-FriendMap/Pods-FriendMap.debug.xcconfig"; sourceTree = "<group>"; };
		8CA3FDDC7FD0D5358281003B /* Pods-FriendMapTests.release.xcconfig */ = {isa = PBXFileReference; includeInIndex = 1; lastKnownFileType = text.xcconfig; name = "Pods-FriendMapTests.release.xcconfig"; path = "Target Support Files/Pods-FriendMapTests/Pods-FriendMapTests.release.xcconfig"; sourceTree = "<group>"; };
		99EA36904191879EEFB720C3 /* Pods-FriendMap-FriendMapUITests.release.xcconfig */ = {isa = PBXFileReference; includeInIndex = 1; lastKnownFileType = text.xcconfig; name = "Pods-FriendMap-FriendMapUITests.release.xcconfig"; path = "Target Support Files/Pods-FriendMap-FriendMapUITests/Pods-FriendMap-FriendMapUITests.release.xcconfig"; sourceTree = "<group>"; };
		C802AF0660674E8FC54375DA /* Pods_FriendMap.framework */ = {isa = PBXFileReference; explicitFileType = wrapper.framework; includeInIndex = 0; path = Pods_FriendMap.framework; sourceTree = BUILT_PRODUCTS_DIR; };
		EBB3FB52F2CAA06AC35B6978 /* Pods-FriendMapTests.debug.xcconfig */ = {isa = PBXFileReference; includeInIndex = 1; lastKnownFileType = text.xcconfig; name = "Pods-FriendMapTests.debug.xcconfig"; path = "Target Support Files/Pods-FriendMapTests/Pods-FriendMapTests.debug.xcconfig"; sourceTree = "<group>"; };
		FDF498AEEC8A5AEA44958BE3 /* Pods_FriendMapTests.framework */ = {isa = PBXFileReference; explicitFileType = wrapper.framework; includeInIndex = 0; path = Pods_FriendMapTests.framework; sourceTree = BUILT_PRODUCTS_DIR; };
/* End PBXFileReference section */

/* Begin PBXFrameworksBuildPhase section */
		2B667C57269CA41F00792451 /* Frameworks */ = {
			isa = PBXFrameworksBuildPhase;
			buildActionMask = 2147483647;
			files = (
				2B667CA8269D850D00792451 /* MapKit.framework in Frameworks */,
				77965291AC77C5E31F77A9EC /* Pods_FriendMap.framework in Frameworks */,
			);
			runOnlyForDeploymentPostprocessing = 0;
		};
		2B667C72269CA42100792451 /* Frameworks */ = {
			isa = PBXFrameworksBuildPhase;
			buildActionMask = 2147483647;
			files = (
				E1CE6A866054112653C09FD3 /* Pods_FriendMapTests.framework in Frameworks */,
			);
			runOnlyForDeploymentPostprocessing = 0;
		};
		2B667C7D269CA42100792451 /* Frameworks */ = {
			isa = PBXFrameworksBuildPhase;
			buildActionMask = 2147483647;
			files = (
				614E0FA978DC8FE1F26DC95C /* Pods_FriendMap_FriendMapUITests.framework in Frameworks */,
			);
			runOnlyForDeploymentPostprocessing = 0;
		};
/* End PBXFrameworksBuildPhase section */

/* Begin PBXGroup section */
		2B667C51269CA41F00792451 = {
			isa = PBXGroup;
			children = (
				2B667C5C269CA41F00792451 /* FriendMap */,
				2B667C78269CA42100792451 /* FriendMapTests */,
				2B667C83269CA42100792451 /* FriendMapUITests */,
				2B667C5B269CA41F00792451 /* Products */,
				DC887FCE7EE9B7FFA564DFE4 /* Pods */,
				EEB46984D93803FE9E74B1E2 /* Frameworks */,
			);
			sourceTree = "<group>";
		};
		2B667C5B269CA41F00792451 /* Products */ = {
			isa = PBXGroup;
			children = (
				2B667C5A269CA41F00792451 /* FriendMap.app */,
				2B667C75269CA42100792451 /* FriendMapTests.xctest */,
				2B667C80269CA42100792451 /* FriendMapUITests.xctest */,
			);
			name = Products;
			sourceTree = "<group>";
		};
		2B667C5C269CA41F00792451 /* FriendMap */ = {
			isa = PBXGroup;
			children = (
				2B667D3426A94A8800792451 /* Location Manager */,
				2B667D1E26A0299600792451 /* SLK */,
				2B667C94269CA50100792451 /* Models */,
				2B667C92269CA4F100792451 /* View Controllers */,
				2B667C5D269CA41F00792451 /* AppDelegate.h */,
				2B667C5E269CA41F00792451 /* AppDelegate.m */,
				2B667C60269CA41F00792451 /* SceneDelegate.h */,
				2B667C61269CA41F00792451 /* SceneDelegate.m */,
				2B667C6E269CA42000792451 /* Info.plist */,
				2B667C6F269CA42000792451 /* main.m */,
			);
			path = FriendMap;
			sourceTree = "<group>";
		};
		2B667C78269CA42100792451 /* FriendMapTests */ = {
			isa = PBXGroup;
			children = (
				2B667C79269CA42100792451 /* FriendMapTests.m */,
				2B667C7B269CA42100792451 /* Info.plist */,
			);
			path = FriendMapTests;
			sourceTree = "<group>";
		};
		2B667C83269CA42100792451 /* FriendMapUITests */ = {
			isa = PBXGroup;
			children = (
				2B667C84269CA42100792451 /* FriendMapUITests.m */,
				2B667C86269CA42100792451 /* Info.plist */,
			);
			path = FriendMapUITests;
			sourceTree = "<group>";
		};
		2B667C92269CA4F100792451 /* View Controllers */ = {
			isa = PBXGroup;
			children = (
				2B667C95269D59DB00792451 /* LoginViewController.h */,
				2B667C96269D59DB00792451 /* LoginViewController.m */,
				2B667CAF269F928900792451 /* MembersListViewController.h */,
				2B667CB0269F928900792451 /* MembersListViewController.m */,
				2B667C98269D5A0C00792451 /* SignupViewController.h */,
				2B667C99269D5A0C00792451 /* SignupViewController.m */,
				2B667C9E269D727800792451 /* ProfileViewController.h */,
				2B667C9F269D727800792451 /* ProfileViewController.m */,
				2B667CA1269D808C00792451 /* MapViewController.h */,
				2B667CA2269D808C00792451 /* MapViewController.m */,
				2B667CA4269D809A00792451 /* GroupViewController.h */,
				2B667CA5269D809A00792451 /* GroupViewController.m */,
				2B667CA9269E087E00792451 /* GroupCell.h */,
				2B667CAA269E087E00792451 /* GroupCell.m */,
				2B667CB2269F93C800792451 /* MemberCell.h */,
				2B667CB3269F93C800792451 /* MemberCell.m */,
				2B667CB5269FB50800792451 /* MessageCell.h */,
				2B667CB6269FB50800792451 /* MessageCell.m */,
				2B667D4326B20C4800792451 /* MeetingViewController.h */,
				2B667D4426B20C4800792451 /* MeetingViewController.m */,
				2B667D4626B2135600792451 /* ClusterCell.h */,
				2B667D4726B2135600792451 /* ClusterCell.m */,
				2B667D4B26B3EB1E00792451 /* LocationViewController.h */,
				2B667D4C26B3EB1E00792451 /* LocationViewController.m */,
				2B667D4E26B3EC0400792451 /* LocationCell.h */,
				2B667D4F26B3EC0400792451 /* LocationCell.m */,
			);
			path = "View Controllers";
			sourceTree = "<group>";
		};
		2B667C94269CA50100792451 /* Models */ = {
			isa = PBXGroup;
			children = (
				2B667D4926B31A0200792451 /* Keys.plist */,
				2B667C66269CA41F00792451 /* Main.storyboard */,
				2B667C6B269CA42000792451 /* LaunchScreen.storyboard */,
				2B667C69269CA42000792451 /* Assets.xcassets */,
				2B667C9B269D5EE900792451 /* CustomButton.h */,
				2B667C9C269D5EE900792451 /* CustomButton.m */,
			);
			path = Models;
			sourceTree = "<group>";
		};
		2B667D1E26A0299600792451 /* SLK */ = {
			isa = PBXGroup;
			children = (
				2B667D1F26A029A500792451 /* MessageViewController.h */,
				2B667D2026A029A500792451 /* MessageViewController.m */,
				2B667D3126A0F58300792451 /* Message.h */,
				2B667D3226A0F58300792451 /* Message.m */,
				2B667D2226A029EB00792451 /* MessageTableViewCell.h */,
				2B667D2326A029EB00792451 /* MessageTableViewCell.m */,
				2B667D2526A02A3F00792451 /* MessageTextView.h */,
				2B667D2626A02A3F00792451 /* MessageTextView.m */,
			);
			path = SLK;
			sourceTree = "<group>";
		};
		2B667D3426A94A8800792451 /* Location Manager */ = {
			isa = PBXGroup;
			children = (
				2B667D3526A94ABC00792451 /* LocationManager.h */,
				2B667D3626A94ABC00792451 /* LocationManager.m */,
			);
			path = "Location Manager";
			sourceTree = "<group>";
		};
		DC887FCE7EE9B7FFA564DFE4 /* Pods */ = {
			isa = PBXGroup;
			children = (
				582AF000A9BF45A2435006AF /* Pods-FriendMap.debug.xcconfig */,
				3D07E2E71F2B14FBC2D49EF8 /* Pods-FriendMap.release.xcconfig */,
				57F254F0FADDA707C23B69E2 /* Pods-FriendMap-FriendMapUITests.debug.xcconfig */,
				99EA36904191879EEFB720C3 /* Pods-FriendMap-FriendMapUITests.release.xcconfig */,
				EBB3FB52F2CAA06AC35B6978 /* Pods-FriendMapTests.debug.xcconfig */,
				8CA3FDDC7FD0D5358281003B /* Pods-FriendMapTests.release.xcconfig */,
			);
			path = Pods;
			sourceTree = "<group>";
		};
		EEB46984D93803FE9E74B1E2 /* Frameworks */ = {
			isa = PBXGroup;
			children = (
				2B667CA7269D850D00792451 /* MapKit.framework */,
				C802AF0660674E8FC54375DA /* Pods_FriendMap.framework */,
				48708E26B6108FA8860B5089 /* Pods_FriendMap_FriendMapUITests.framework */,
				FDF498AEEC8A5AEA44958BE3 /* Pods_FriendMapTests.framework */,
			);
			name = Frameworks;
			sourceTree = "<group>";
		};
/* End PBXGroup section */

/* Begin PBXNativeTarget section */
		2B667C59269CA41F00792451 /* FriendMap */ = {
			isa = PBXNativeTarget;
			buildConfigurationList = 2B667C89269CA42100792451 /* Build configuration list for PBXNativeTarget "FriendMap" */;
			buildPhases = (
				61E2DF3BB1CEC29FB3820731 /* [CP] Check Pods Manifest.lock */,
				2B667C56269CA41F00792451 /* Sources */,
				2B667C57269CA41F00792451 /* Frameworks */,
				2B667C58269CA41F00792451 /* Resources */,
				03E9C1156650E2F5CA163085 /* [CP] Embed Pods Frameworks */,
			);
			buildRules = (
			);
			dependencies = (
			);
			name = FriendMap;
			productName = FriendMap;
			productReference = 2B667C5A269CA41F00792451 /* FriendMap.app */;
			productType = "com.apple.product-type.application";
		};
		2B667C74269CA42100792451 /* FriendMapTests */ = {
			isa = PBXNativeTarget;
			buildConfigurationList = 2B667C8C269CA42100792451 /* Build configuration list for PBXNativeTarget "FriendMapTests" */;
			buildPhases = (
				7568A453FFC26C2433551E3E /* [CP] Check Pods Manifest.lock */,
				2B667C71269CA42100792451 /* Sources */,
				2B667C72269CA42100792451 /* Frameworks */,
				2B667C73269CA42100792451 /* Resources */,
			);
			buildRules = (
			);
			dependencies = (
				2B667C77269CA42100792451 /* PBXTargetDependency */,
			);
			name = FriendMapTests;
			productName = FriendMapTests;
			productReference = 2B667C75269CA42100792451 /* FriendMapTests.xctest */;
			productType = "com.apple.product-type.bundle.unit-test";
		};
		2B667C7F269CA42100792451 /* FriendMapUITests */ = {
			isa = PBXNativeTarget;
			buildConfigurationList = 2B667C8F269CA42100792451 /* Build configuration list for PBXNativeTarget "FriendMapUITests" */;
			buildPhases = (
				59F803964C7B90EE1166392D /* [CP] Check Pods Manifest.lock */,
				2B667C7C269CA42100792451 /* Sources */,
				2B667C7D269CA42100792451 /* Frameworks */,
				2B667C7E269CA42100792451 /* Resources */,
				24EE4A3857975E66F48CDD4E /* [CP] Embed Pods Frameworks */,
			);
			buildRules = (
			);
			dependencies = (
				2B667C82269CA42100792451 /* PBXTargetDependency */,
			);
			name = FriendMapUITests;
			productName = FriendMapUITests;
			productReference = 2B667C80269CA42100792451 /* FriendMapUITests.xctest */;
			productType = "com.apple.product-type.bundle.ui-testing";
		};
/* End PBXNativeTarget section */

/* Begin PBXProject section */
		2B667C52269CA41F00792451 /* Project object */ = {
			isa = PBXProject;
			attributes = {
				LastUpgradeCheck = 1250;
				TargetAttributes = {
					2B667C59269CA41F00792451 = {
						CreatedOnToolsVersion = 12.5.1;
					};
					2B667C74269CA42100792451 = {
						CreatedOnToolsVersion = 12.5.1;
						TestTargetID = 2B667C59269CA41F00792451;
					};
					2B667C7F269CA42100792451 = {
						CreatedOnToolsVersion = 12.5.1;
						TestTargetID = 2B667C59269CA41F00792451;
					};
				};
			};
			buildConfigurationList = 2B667C55269CA41F00792451 /* Build configuration list for PBXProject "FriendMap" */;
			compatibilityVersion = "Xcode 9.3";
			developmentRegion = en;
			hasScannedForEncodings = 0;
			knownRegions = (
				en,
				Base,
			);
			mainGroup = 2B667C51269CA41F00792451;
			productRefGroup = 2B667C5B269CA41F00792451 /* Products */;
			projectDirPath = "";
			projectRoot = "";
			targets = (
				2B667C59269CA41F00792451 /* FriendMap */,
				2B667C74269CA42100792451 /* FriendMapTests */,
				2B667C7F269CA42100792451 /* FriendMapUITests */,
			);
		};
/* End PBXProject section */

/* Begin PBXResourcesBuildPhase section */
		2B667C58269CA41F00792451 /* Resources */ = {
			isa = PBXResourcesBuildPhase;
			buildActionMask = 2147483647;
			files = (
				2B667D4A26B31A0200792451 /* Keys.plist in Resources */,
				2B667C6D269CA42000792451 /* LaunchScreen.storyboard in Resources */,
				2B667C6A269CA42000792451 /* Assets.xcassets in Resources */,
				2B667C68269CA41F00792451 /* Main.storyboard in Resources */,
			);
			runOnlyForDeploymentPostprocessing = 0;
		};
		2B667C73269CA42100792451 /* Resources */ = {
			isa = PBXResourcesBuildPhase;
			buildActionMask = 2147483647;
			files = (
			);
			runOnlyForDeploymentPostprocessing = 0;
		};
		2B667C7E269CA42100792451 /* Resources */ = {
			isa = PBXResourcesBuildPhase;
			buildActionMask = 2147483647;
			files = (
			);
			runOnlyForDeploymentPostprocessing = 0;
		};
/* End PBXResourcesBuildPhase section */

/* Begin PBXShellScriptBuildPhase section */
		03E9C1156650E2F5CA163085 /* [CP] Embed Pods Frameworks */ = {
			isa = PBXShellScriptBuildPhase;
			buildActionMask = 2147483647;
			files = (
			);
			inputFileListPaths = (
				"${PODS_ROOT}/Target Support Files/Pods-FriendMap/Pods-FriendMap-frameworks-${CONFIGURATION}-input-files.xcfilelist",
			);
			name = "[CP] Embed Pods Frameworks";
			outputFileListPaths = (
				"${PODS_ROOT}/Target Support Files/Pods-FriendMap/Pods-FriendMap-frameworks-${CONFIGURATION}-output-files.xcfilelist",
			);
			runOnlyForDeploymentPostprocessing = 0;
			shellPath = /bin/sh;
			shellScript = "\"${PODS_ROOT}/Target Support Files/Pods-FriendMap/Pods-FriendMap-frameworks.sh\"\n";
			showEnvVarsInLog = 0;
		};
		24EE4A3857975E66F48CDD4E /* [CP] Embed Pods Frameworks */ = {
			isa = PBXShellScriptBuildPhase;
			buildActionMask = 2147483647;
			files = (
			);
			inputFileListPaths = (
				"${PODS_ROOT}/Target Support Files/Pods-FriendMap-FriendMapUITests/Pods-FriendMap-FriendMapUITests-frameworks-${CONFIGURATION}-input-files.xcfilelist",
			);
			name = "[CP] Embed Pods Frameworks";
			outputFileListPaths = (
				"${PODS_ROOT}/Target Support Files/Pods-FriendMap-FriendMapUITests/Pods-FriendMap-FriendMapUITests-frameworks-${CONFIGURATION}-output-files.xcfilelist",
			);
			runOnlyForDeploymentPostprocessing = 0;
			shellPath = /bin/sh;
			shellScript = "\"${PODS_ROOT}/Target Support Files/Pods-FriendMap-FriendMapUITests/Pods-FriendMap-FriendMapUITests-frameworks.sh\"\n";
			showEnvVarsInLog = 0;
		};
		59F803964C7B90EE1166392D /* [CP] Check Pods Manifest.lock */ = {
			isa = PBXShellScriptBuildPhase;
			buildActionMask = 2147483647;
			files = (
			);
			inputFileListPaths = (
			);
			inputPaths = (
				"${PODS_PODFILE_DIR_PATH}/Podfile.lock",
				"${PODS_ROOT}/Manifest.lock",
			);
			name = "[CP] Check Pods Manifest.lock";
			outputFileListPaths = (
			);
			outputPaths = (
				"$(DERIVED_FILE_DIR)/Pods-FriendMap-FriendMapUITests-checkManifestLockResult.txt",
			);
			runOnlyForDeploymentPostprocessing = 0;
			shellPath = /bin/sh;
			shellScript = "diff \"${PODS_PODFILE_DIR_PATH}/Podfile.lock\" \"${PODS_ROOT}/Manifest.lock\" > /dev/null\nif [ $? != 0 ] ; then\n    # print error to STDERR\n    echo \"error: The sandbox is not in sync with the Podfile.lock. Run 'pod install' or update your CocoaPods installation.\" >&2\n    exit 1\nfi\n# This output is used by Xcode 'outputs' to avoid re-running this script phase.\necho \"SUCCESS\" > \"${SCRIPT_OUTPUT_FILE_0}\"\n";
			showEnvVarsInLog = 0;
		};
		61E2DF3BB1CEC29FB3820731 /* [CP] Check Pods Manifest.lock */ = {
			isa = PBXShellScriptBuildPhase;
			buildActionMask = 2147483647;
			files = (
			);
			inputFileListPaths = (
			);
			inputPaths = (
				"${PODS_PODFILE_DIR_PATH}/Podfile.lock",
				"${PODS_ROOT}/Manifest.lock",
			);
			name = "[CP] Check Pods Manifest.lock";
			outputFileListPaths = (
			);
			outputPaths = (
				"$(DERIVED_FILE_DIR)/Pods-FriendMap-checkManifestLockResult.txt",
			);
			runOnlyForDeploymentPostprocessing = 0;
			shellPath = /bin/sh;
			shellScript = "diff \"${PODS_PODFILE_DIR_PATH}/Podfile.lock\" \"${PODS_ROOT}/Manifest.lock\" > /dev/null\nif [ $? != 0 ] ; then\n    # print error to STDERR\n    echo \"error: The sandbox is not in sync with the Podfile.lock. Run 'pod install' or update your CocoaPods installation.\" >&2\n    exit 1\nfi\n# This output is used by Xcode 'outputs' to avoid re-running this script phase.\necho \"SUCCESS\" > \"${SCRIPT_OUTPUT_FILE_0}\"\n";
			showEnvVarsInLog = 0;
		};
		7568A453FFC26C2433551E3E /* [CP] Check Pods Manifest.lock */ = {
			isa = PBXShellScriptBuildPhase;
			buildActionMask = 2147483647;
			files = (
			);
			inputFileListPaths = (
			);
			inputPaths = (
				"${PODS_PODFILE_DIR_PATH}/Podfile.lock",
				"${PODS_ROOT}/Manifest.lock",
			);
			name = "[CP] Check Pods Manifest.lock";
			outputFileListPaths = (
			);
			outputPaths = (
				"$(DERIVED_FILE_DIR)/Pods-FriendMapTests-checkManifestLockResult.txt",
			);
			runOnlyForDeploymentPostprocessing = 0;
			shellPath = /bin/sh;
			shellScript = "diff \"${PODS_PODFILE_DIR_PATH}/Podfile.lock\" \"${PODS_ROOT}/Manifest.lock\" > /dev/null\nif [ $? != 0 ] ; then\n    # print error to STDERR\n    echo \"error: The sandbox is not in sync with the Podfile.lock. Run 'pod install' or update your CocoaPods installation.\" >&2\n    exit 1\nfi\n# This output is used by Xcode 'outputs' to avoid re-running this script phase.\necho \"SUCCESS\" > \"${SCRIPT_OUTPUT_FILE_0}\"\n";
			showEnvVarsInLog = 0;
		};
/* End PBXShellScriptBuildPhase section */

/* Begin PBXSourcesBuildPhase section */
		2B667C56269CA41F00792451 /* Sources */ = {
			isa = PBXSourcesBuildPhase;
			buildActionMask = 2147483647;
			files = (
				2B667C9D269D5EE900792451 /* CustomButton.m in Sources */,
				2B667C97269D59DC00792451 /* LoginViewController.m in Sources */,
				2B667C5F269CA41F00792451 /* AppDelegate.m in Sources */,
				2B667D4D26B3EB1E00792451 /* LocationViewController.m in Sources */,
				2B667CB1269F928900792451 /* MembersListViewController.m in Sources */,
				2B667D2126A029A500792451 /* MessageViewController.m in Sources */,
				2B667D4826B2135600792451 /* ClusterCell.m in Sources */,
				2B667CB7269FB50800792451 /* MessageCell.m in Sources */,
				2B667D4526B20C4800792451 /* MeetingViewController.m in Sources */,
				2B667CB4269F93C800792451 /* MemberCell.m in Sources */,
				2B667D2426A029EB00792451 /* MessageTableViewCell.m in Sources */,
				2B667CA6269D809A00792451 /* GroupViewController.m in Sources */,
				2B667CA3269D808C00792451 /* MapViewController.m in Sources */,
				2B667CAB269E087E00792451 /* GroupCell.m in Sources */,
				2B667C70269CA42000792451 /* main.m in Sources */,
				2B667D3726A94ABC00792451 /* LocationManager.m in Sources */,
				2B667D5026B3EC0400792451 /* LocationCell.m in Sources */,
				2B667CA0269D727800792451 /* ProfileViewController.m in Sources */,
				2B667C62269CA41F00792451 /* SceneDelegate.m in Sources */,
				2B667D3326A0F58300792451 /* Message.m in Sources */,
				2B667C9A269D5A0C00792451 /* SignupViewController.m in Sources */,
				2B667D2726A02A3F00792451 /* MessageTextView.m in Sources */,
			);
			runOnlyForDeploymentPostprocessing = 0;
		};
		2B667C71269CA42100792451 /* Sources */ = {
			isa = PBXSourcesBuildPhase;
			buildActionMask = 2147483647;
			files = (
				2B667C7A269CA42100792451 /* FriendMapTests.m in Sources */,
			);
			runOnlyForDeploymentPostprocessing = 0;
		};
		2B667C7C269CA42100792451 /* Sources */ = {
			isa = PBXSourcesBuildPhase;
			buildActionMask = 2147483647;
			files = (
				2B667C85269CA42100792451 /* FriendMapUITests.m in Sources */,
			);
			runOnlyForDeploymentPostprocessing = 0;
		};
/* End PBXSourcesBuildPhase section */

/* Begin PBXTargetDependency section */
		2B667C77269CA42100792451 /* PBXTargetDependency */ = {
			isa = PBXTargetDependency;
			target = 2B667C59269CA41F00792451 /* FriendMap */;
			targetProxy = 2B667C76269CA42100792451 /* PBXContainerItemProxy */;
		};
		2B667C82269CA42100792451 /* PBXTargetDependency */ = {
			isa = PBXTargetDependency;
			target = 2B667C59269CA41F00792451 /* FriendMap */;
			targetProxy = 2B667C81269CA42100792451 /* PBXContainerItemProxy */;
		};
/* End PBXTargetDependency section */

/* Begin PBXVariantGroup section */
		2B667C66269CA41F00792451 /* Main.storyboard */ = {
			isa = PBXVariantGroup;
			children = (
				2B667C67269CA41F00792451 /* Base */,
			);
			name = Main.storyboard;
			sourceTree = "<group>";
		};
		2B667C6B269CA42000792451 /* LaunchScreen.storyboard */ = {
			isa = PBXVariantGroup;
			children = (
				2B667C6C269CA42000792451 /* Base */,
			);
			name = LaunchScreen.storyboard;
			sourceTree = "<group>";
		};
/* End PBXVariantGroup section */

/* Begin XCBuildConfiguration section */
		2B667C87269CA42100792451 /* Debug */ = {
			isa = XCBuildConfiguration;
			buildSettings = {
				ALWAYS_SEARCH_USER_PATHS = NO;
				CLANG_ANALYZER_NONNULL = YES;
				CLANG_ANALYZER_NUMBER_OBJECT_CONVERSION = YES_AGGRESSIVE;
				CLANG_CXX_LANGUAGE_STANDARD = "gnu++14";
				CLANG_CXX_LIBRARY = "libc++";
				CLANG_ENABLE_MODULES = YES;
				CLANG_ENABLE_OBJC_ARC = YES;
				CLANG_ENABLE_OBJC_WEAK = YES;
				CLANG_WARN_BLOCK_CAPTURE_AUTORELEASING = YES;
				CLANG_WARN_BOOL_CONVERSION = YES;
				CLANG_WARN_COMMA = YES;
				CLANG_WARN_CONSTANT_CONVERSION = YES;
				CLANG_WARN_DEPRECATED_OBJC_IMPLEMENTATIONS = YES;
				CLANG_WARN_DIRECT_OBJC_ISA_USAGE = YES_ERROR;
				CLANG_WARN_DOCUMENTATION_COMMENTS = YES;
				CLANG_WARN_EMPTY_BODY = YES;
				CLANG_WARN_ENUM_CONVERSION = YES;
				CLANG_WARN_INFINITE_RECURSION = YES;
				CLANG_WARN_INT_CONVERSION = YES;
				CLANG_WARN_NON_LITERAL_NULL_CONVERSION = YES;
				CLANG_WARN_OBJC_IMPLICIT_RETAIN_SELF = YES;
				CLANG_WARN_OBJC_LITERAL_CONVERSION = YES;
				CLANG_WARN_OBJC_ROOT_CLASS = YES_ERROR;
				CLANG_WARN_QUOTED_INCLUDE_IN_FRAMEWORK_HEADER = YES;
				CLANG_WARN_RANGE_LOOP_ANALYSIS = YES;
				CLANG_WARN_STRICT_PROTOTYPES = YES;
				CLANG_WARN_SUSPICIOUS_MOVE = YES;
				CLANG_WARN_UNGUARDED_AVAILABILITY = YES_AGGRESSIVE;
				CLANG_WARN_UNREACHABLE_CODE = YES;
				CLANG_WARN__DUPLICATE_METHOD_MATCH = YES;
				COPY_PHASE_STRIP = NO;
				DEBUG_INFORMATION_FORMAT = dwarf;
				ENABLE_STRICT_OBJC_MSGSEND = YES;
				ENABLE_TESTABILITY = YES;
				GCC_C_LANGUAGE_STANDARD = gnu11;
				GCC_DYNAMIC_NO_PIC = NO;
				GCC_NO_COMMON_BLOCKS = YES;
				GCC_OPTIMIZATION_LEVEL = 0;
				GCC_PREPROCESSOR_DEFINITIONS = (
					"DEBUG=1",
					"$(inherited)",
				);
				GCC_WARN_64_TO_32_BIT_CONVERSION = YES;
				GCC_WARN_ABOUT_RETURN_TYPE = YES_ERROR;
				GCC_WARN_UNDECLARED_SELECTOR = YES;
				GCC_WARN_UNINITIALIZED_AUTOS = YES_AGGRESSIVE;
				GCC_WARN_UNUSED_FUNCTION = YES;
				GCC_WARN_UNUSED_VARIABLE = YES;
				IPHONEOS_DEPLOYMENT_TARGET = 14.5;
				MTL_ENABLE_DEBUG_INFO = INCLUDE_SOURCE;
				MTL_FAST_MATH = YES;
				ONLY_ACTIVE_ARCH = YES;
				SDKROOT = iphoneos;
			};
			name = Debug;
		};
		2B667C88269CA42100792451 /* Release */ = {
			isa = XCBuildConfiguration;
			buildSettings = {
				ALWAYS_SEARCH_USER_PATHS = NO;
				CLANG_ANALYZER_NONNULL = YES;
				CLANG_ANALYZER_NUMBER_OBJECT_CONVERSION = YES_AGGRESSIVE;
				CLANG_CXX_LANGUAGE_STANDARD = "gnu++14";
				CLANG_CXX_LIBRARY = "libc++";
				CLANG_ENABLE_MODULES = YES;
				CLANG_ENABLE_OBJC_ARC = YES;
				CLANG_ENABLE_OBJC_WEAK = YES;
				CLANG_WARN_BLOCK_CAPTURE_AUTORELEASING = YES;
				CLANG_WARN_BOOL_CONVERSION = YES;
				CLANG_WARN_COMMA = YES;
				CLANG_WARN_CONSTANT_CONVERSION = YES;
				CLANG_WARN_DEPRECATED_OBJC_IMPLEMENTATIONS = YES;
				CLANG_WARN_DIRECT_OBJC_ISA_USAGE = YES_ERROR;
				CLANG_WARN_DOCUMENTATION_COMMENTS = YES;
				CLANG_WARN_EMPTY_BODY = YES;
				CLANG_WARN_ENUM_CONVERSION = YES;
				CLANG_WARN_INFINITE_RECURSION = YES;
				CLANG_WARN_INT_CONVERSION = YES;
				CLANG_WARN_NON_LITERAL_NULL_CONVERSION = YES;
				CLANG_WARN_OBJC_IMPLICIT_RETAIN_SELF = YES;
				CLANG_WARN_OBJC_LITERAL_CONVERSION = YES;
				CLANG_WARN_OBJC_ROOT_CLASS = YES_ERROR;
				CLANG_WARN_QUOTED_INCLUDE_IN_FRAMEWORK_HEADER = YES;
				CLANG_WARN_RANGE_LOOP_ANALYSIS = YES;
				CLANG_WARN_STRICT_PROTOTYPES = YES;
				CLANG_WARN_SUSPICIOUS_MOVE = YES;
				CLANG_WARN_UNGUARDED_AVAILABILITY = YES_AGGRESSIVE;
				CLANG_WARN_UNREACHABLE_CODE = YES;
				CLANG_WARN__DUPLICATE_METHOD_MATCH = YES;
				COPY_PHASE_STRIP = NO;
				DEBUG_INFORMATION_FORMAT = "dwarf-with-dsym";
				ENABLE_NS_ASSERTIONS = NO;
				ENABLE_STRICT_OBJC_MSGSEND = YES;
				GCC_C_LANGUAGE_STANDARD = gnu11;
				GCC_NO_COMMON_BLOCKS = YES;
				GCC_WARN_64_TO_32_BIT_CONVERSION = YES;
				GCC_WARN_ABOUT_RETURN_TYPE = YES_ERROR;
				GCC_WARN_UNDECLARED_SELECTOR = YES;
				GCC_WARN_UNINITIALIZED_AUTOS = YES_AGGRESSIVE;
				GCC_WARN_UNUSED_FUNCTION = YES;
				GCC_WARN_UNUSED_VARIABLE = YES;
				IPHONEOS_DEPLOYMENT_TARGET = 14.5;
				MTL_ENABLE_DEBUG_INFO = NO;
				MTL_FAST_MATH = YES;
				SDKROOT = iphoneos;
				VALIDATE_PRODUCT = YES;
			};
			name = Release;
		};
		2B667C8A269CA42100792451 /* Debug */ = {
			isa = XCBuildConfiguration;
			baseConfigurationReference = 582AF000A9BF45A2435006AF /* Pods-FriendMap.debug.xcconfig */;
			buildSettings = {
				ASSETCATALOG_COMPILER_APPICON_NAME = AppIcon;
				ASSETCATALOG_COMPILER_GLOBAL_ACCENT_COLOR_NAME = AccentColor;
				CODE_SIGN_STYLE = Automatic;
				DEVELOPMENT_TEAM = 9A5V9D5GG9;
				INFOPLIST_FILE = FriendMap/Info.plist;
				IPHONEOS_DEPLOYMENT_TARGET = 14.5;
				LD_RUNPATH_SEARCH_PATHS = (
					"$(inherited)",
					"@executable_path/Frameworks",
				);
				PRODUCT_BUNDLE_IDENTIFIER = com.gbanuel.FriendMap;
				PRODUCT_NAME = "$(TARGET_NAME)";
				TARGETED_DEVICE_FAMILY = 1;
			};
			name = Debug;
		};
		2B667C8B269CA42100792451 /* Release */ = {
			isa = XCBuildConfiguration;
			baseConfigurationReference = 3D07E2E71F2B14FBC2D49EF8 /* Pods-FriendMap.release.xcconfig */;
			buildSettings = {
				ASSETCATALOG_COMPILER_APPICON_NAME = AppIcon;
				ASSETCATALOG_COMPILER_GLOBAL_ACCENT_COLOR_NAME = AccentColor;
				CODE_SIGN_STYLE = Automatic;
				DEVELOPMENT_TEAM = 9A5V9D5GG9;
				INFOPLIST_FILE = FriendMap/Info.plist;
				IPHONEOS_DEPLOYMENT_TARGET = 14.5;
				LD_RUNPATH_SEARCH_PATHS = (
					"$(inherited)",
					"@executable_path/Frameworks",
				);
				PRODUCT_BUNDLE_IDENTIFIER = com.gbanuel.FriendMap;
				PRODUCT_NAME = "$(TARGET_NAME)";
				TARGETED_DEVICE_FAMILY = 1;
			};
			name = Release;
		};
		2B667C8D269CA42100792451 /* Debug */ = {
			isa = XCBuildConfiguration;
			baseConfigurationReference = EBB3FB52F2CAA06AC35B6978 /* Pods-FriendMapTests.debug.xcconfig */;
			buildSettings = {
				BUNDLE_LOADER = "$(TEST_HOST)";
				CODE_SIGN_STYLE = Automatic;
				DEVELOPMENT_TEAM = 9A5V9D5GG9;
				INFOPLIST_FILE = FriendMapTests/Info.plist;
				IPHONEOS_DEPLOYMENT_TARGET = 14.5;
				LD_RUNPATH_SEARCH_PATHS = (
					"$(inherited)",
					"@executable_path/Frameworks",
					"@loader_path/Frameworks",
				);
				PRODUCT_BUNDLE_IDENTIFIER = com.gbanuel.FriendMapTests;
				PRODUCT_NAME = "$(TARGET_NAME)";
				TARGETED_DEVICE_FAMILY = "1,2";
				TEST_HOST = "$(BUILT_PRODUCTS_DIR)/FriendMap.app/FriendMap";
			};
			name = Debug;
		};
		2B667C8E269CA42100792451 /* Release */ = {
			isa = XCBuildConfiguration;
			baseConfigurationReference = 8CA3FDDC7FD0D5358281003B /* Pods-FriendMapTests.release.xcconfig */;
			buildSettings = {
				BUNDLE_LOADER = "$(TEST_HOST)";
				CODE_SIGN_STYLE = Automatic;
				DEVELOPMENT_TEAM = 9A5V9D5GG9;
				INFOPLIST_FILE = FriendMapTests/Info.plist;
				IPHONEOS_DEPLOYMENT_TARGET = 14.5;
				LD_RUNPATH_SEARCH_PATHS = (
					"$(inherited)",
					"@executable_path/Frameworks",
					"@loader_path/Frameworks",
				);
				PRODUCT_BUNDLE_IDENTIFIER = com.gbanuel.FriendMapTests;
				PRODUCT_NAME = "$(TARGET_NAME)";
				TARGETED_DEVICE_FAMILY = "1,2";
				TEST_HOST = "$(BUILT_PRODUCTS_DIR)/FriendMap.app/FriendMap";
			};
			name = Release;
		};
		2B667C90269CA42100792451 /* Debug */ = {
			isa = XCBuildConfiguration;
			baseConfigurationReference = 57F254F0FADDA707C23B69E2 /* Pods-FriendMap-FriendMapUITests.debug.xcconfig */;
			buildSettings = {
				CODE_SIGN_STYLE = Automatic;
				DEVELOPMENT_TEAM = 9A5V9D5GG9;
				INFOPLIST_FILE = FriendMapUITests/Info.plist;
				LD_RUNPATH_SEARCH_PATHS = (
					"$(inherited)",
					"@executable_path/Frameworks",
					"@loader_path/Frameworks",
				);
				PRODUCT_BUNDLE_IDENTIFIER = com.gbanuel.FriendMapUITests;
				PRODUCT_NAME = "$(TARGET_NAME)";
				TARGETED_DEVICE_FAMILY = "1,2";
				TEST_TARGET_NAME = FriendMap;
			};
			name = Debug;
		};
		2B667C91269CA42100792451 /* Release */ = {
			isa = XCBuildConfiguration;
			baseConfigurationReference = 99EA36904191879EEFB720C3 /* Pods-FriendMap-FriendMapUITests.release.xcconfig */;
			buildSettings = {
				CODE_SIGN_STYLE = Automatic;
				DEVELOPMENT_TEAM = 9A5V9D5GG9;
				INFOPLIST_FILE = FriendMapUITests/Info.plist;
				LD_RUNPATH_SEARCH_PATHS = (
					"$(inherited)",
					"@executable_path/Frameworks",
					"@loader_path/Frameworks",
				);
				PRODUCT_BUNDLE_IDENTIFIER = com.gbanuel.FriendMapUITests;
				PRODUCT_NAME = "$(TARGET_NAME)";
				TARGETED_DEVICE_FAMILY = "1,2";
				TEST_TARGET_NAME = FriendMap;
			};
			name = Release;
		};
/* End XCBuildConfiguration section */

/* Begin XCConfigurationList section */
		2B667C55269CA41F00792451 /* Build configuration list for PBXProject "FriendMap" */ = {
			isa = XCConfigurationList;
			buildConfigurations = (
				2B667C87269CA42100792451 /* Debug */,
				2B667C88269CA42100792451 /* Release */,
			);
			defaultConfigurationIsVisible = 0;
			defaultConfigurationName = Release;
		};
		2B667C89269CA42100792451 /* Build configuration list for PBXNativeTarget "FriendMap" */ = {
			isa = XCConfigurationList;
			buildConfigurations = (
				2B667C8A269CA42100792451 /* Debug */,
				2B667C8B269CA42100792451 /* Release */,
			);
			defaultConfigurationIsVisible = 0;
			defaultConfigurationName = Release;
		};
		2B667C8C269CA42100792451 /* Build configuration list for PBXNativeTarget "FriendMapTests" */ = {
			isa = XCConfigurationList;
			buildConfigurations = (
				2B667C8D269CA42100792451 /* Debug */,
				2B667C8E269CA42100792451 /* Release */,
			);
			defaultConfigurationIsVisible = 0;
			defaultConfigurationName = Release;
		};
		2B667C8F269CA42100792451 /* Build configuration list for PBXNativeTarget "FriendMapUITests" */ = {
			isa = XCConfigurationList;
			buildConfigurations = (
				2B667C90269CA42100792451 /* Debug */,
				2B667C91269CA42100792451 /* Release */,
			);
			defaultConfigurationIsVisible = 0;
			defaultConfigurationName = Release;
		};
/* End XCConfigurationList section */
	};
	rootObject = 2B667C52269CA41F00792451 /* Project object */;
}
